
Microsoft Visual Studio Solution File, Format Version 12.00
# Visual Studio Version 16
VisualStudioVersion = 16.0.30104.148
MinimumVisualStudioVersion = 10.0.40219.1
Project("{9A19103F-16F7-4668-BE54-9A1E7A4F7556}") = "Taxi.Common", "Taxi.Common\Taxi.Common.csproj", "{D4FA1D3B-FBF0-45E4-83C2-BFD39CC7BCF8}"
EndProject
Project("{9A19103F-16F7-4668-BE54-9A1E7A4F7556}") = "Taxi.Web", "Taxi.Web\Taxi.Web.csproj", "{D331F197-3BC6-4F05-BC61-D782745D803C}"
EndProject
Project("{9A19103F-16F7-4668-BE54-9A1E7A4F7556}") = "Taxi.Prism", "Taxi.Prism\Taxi.Prism\Taxi.Prism.csproj", "{00E0A46D-D9E7-4418-BFCA-72A10556BB36}"
EndProject
Project("{FAE04EC0-301F-11D3-BF4B-00C04F79EFBC}") = "Taxi.Prism.Android", "Taxi.Prism\Taxi.Prism.Android\Taxi.Prism.Android.csproj", "{85209B95-7FB0-4FBB-A1DE-F855082A970B}"
EndProject
Project("{FAE04EC0-301F-11D3-BF4B-00C04F79EFBC}") = "Taxi.Prism.iOS", "Taxi.Prism\Taxi.Prism.iOS\Taxi.Prism.iOS.csproj", "{D2783BEC-EA84-48AE-AB50-095810718998}"
EndProject
Project("{FAE04EC0-301F-11D3-BF4B-00C04F79EFBC}") = "Taxi.Cross.android", "Taxi.Cross.android\Taxi.Cross.android.csproj", "{21989DF9-04DE-4B26-AFFF-0ED21A7BADA5}"
EndProject
Project("{FAE04EC0-301F-11D3-BF4B-00C04F79EFBC}") = "Taxi.Cross.IOS", "Taxi.Cross.IOS\Taxi.Cross.IOS.csproj", "{E58AA452-31EF-4D4E-BA41-1580CAA13466}"
EndProject
Global
	GlobalSection(SolutionConfigurationPlatforms) = preSolution
		Ad-Hoc|Any CPU = Ad-Hoc|Any CPU
		Ad-Hoc|iPhone = Ad-Hoc|iPhone
		Ad-Hoc|iPhoneSimulator = Ad-Hoc|iPhoneSimulator
		AppStore|Any CPU = AppStore|Any CPU
		AppStore|iPhone = AppStore|iPhone
		AppStore|iPhoneSimulator = AppStore|iPhoneSimulator
		Debug|Any CPU = Debug|Any CPU
		Debug|iPhone = Debug|iPhone
		Debug|iPhoneSimulator = Debug|iPhoneSimulator
		Release|Any CPU = Release|Any CPU
		Release|iPhone = Release|iPhone
		Release|iPhoneSimulator = Release|iPhoneSimulator
	EndGlobalSection
	GlobalSection(ProjectConfigurationPlatforms) = postSolution
		{D4FA1D3B-FBF0-45E4-83C2-BFD39CC7BCF8}.Ad-Hoc|Any CPU.ActiveCfg = Debug|Any CPU
		{D4FA1D3B-FBF0-45E4-83C2-BFD39CC7BCF8}.Ad-Hoc|Any CPU.Build.0 = Debug|Any CPU
		{D4FA1D3B-FBF0-45E4-83C2-BFD39CC7BCF8}.Ad-Hoc|iPhone.ActiveCfg = Debug|Any CPU
		{D4FA1D3B-FBF0-45E4-83C2-BFD39CC7BCF8}.Ad-Hoc|iPhone.Build.0 = Debug|Any CPU
		{D4FA1D3B-FBF0-45E4-83C2-BFD39CC7BCF8}.Ad-Hoc|iPhoneSimulator.ActiveCfg = Debug|Any CPU
		{D4FA1D3B-FBF0-45E4-83C2-BFD39CC7BCF8}.Ad-Hoc|iPhoneSimulator.Build.0 = Debug|Any CPU
		{D4FA1D3B-FBF0-45E4-83C2-BFD39CC7BCF8}.AppStore|Any CPU.ActiveCfg = Debug|Any CPU
		{D4FA1D3B-FBF0-45E4-83C2-BFD39CC7BCF8}.AppStore|Any CPU.Build.0 = Debug|Any CPU
		{D4FA1D3B-FBF0-45E4-83C2-BFD39CC7BCF8}.AppStore|iPhone.ActiveCfg = Debug|Any CPU
		{D4FA1D3B-FBF0-45E4-83C2-BFD39CC7BCF8}.AppStore|iPhone.Build.0 = Debug|Any CPU
		{D4FA1D3B-FBF0-45E4-83C2-BFD39CC7BCF8}.AppStore|iPhoneSimulator.ActiveCfg = Debug|Any CPU
		{D4FA1D3B-FBF0-45E4-83C2-BFD39CC7BCF8}.AppStore|iPhoneSimulator.Build.0 = Debug|Any CPU
		{D4FA1D3B-FBF0-45E4-83C2-BFD39CC7BCF8}.Debug|Any CPU.ActiveCfg = Debug|Any CPU
		{D4FA1D3B-FBF0-45E4-83C2-BFD39CC7BCF8}.Debug|Any CPU.Build.0 = Debug|Any CPU
		{D4FA1D3B-FBF0-45E4-83C2-BFD39CC7BCF8}.Debug|iPhone.ActiveCfg = Debug|Any CPU
		{D4FA1D3B-FBF0-45E4-83C2-BFD39CC7BCF8}.Debug|iPhone.Build.0 = Debug|Any CPU
		{D4FA1D3B-FBF0-45E4-83C2-BFD39CC7BCF8}.Debug|iPhoneSimulator.ActiveCfg = Debug|Any CPU
		{D4FA1D3B-FBF0-45E4-83C2-BFD39CC7BCF8}.Debug|iPhoneSimulator.Build.0 = Debug|Any CPU
		{D4FA1D3B-FBF0-45E4-83C2-BFD39CC7BCF8}.Release|Any CPU.ActiveCfg = Release|Any CPU
		{D4FA1D3B-FBF0-45E4-83C2-BFD39CC7BCF8}.Release|Any CPU.Build.0 = Release|Any CPU
		{D4FA1D3B-FBF0-45E4-83C2-BFD39CC7BCF8}.Release|iPhone.ActiveCfg = Release|Any CPU
		{D4FA1D3B-FBF0-45E4-83C2-BFD39CC7BCF8}.Release|iPhone.Build.0 = Release|Any CPU
		{D4FA1D3B-FBF0-45E4-83C2-BFD39CC7BCF8}.Release|iPhoneSimulator.ActiveCfg = Release|Any CPU
		{D4FA1D3B-FBF0-45E4-83C2-BFD39CC7BCF8}.Release|iPhoneSimulator.Build.0 = Release|Any CPU
		{D331F197-3BC6-4F05-BC61-D782745D803C}.Ad-Hoc|Any CPU.ActiveCfg = Debug|Any CPU
		{D331F197-3BC6-4F05-BC61-D782745D803C}.Ad-Hoc|Any CPU.Build.0 = Debug|Any CPU
		{D331F197-3BC6-4F05-BC61-D782745D803C}.Ad-Hoc|iPhone.ActiveCfg = Debug|Any CPU
		{D331F197-3BC6-4F05-BC61-D782745D803C}.Ad-Hoc|iPhone.Build.0 = Debug|Any CPU
		{D331F197-3BC6-4F05-BC61-D782745D803C}.Ad-Hoc|iPhoneSimulator.ActiveCfg = Debug|Any CPU
		{D331F197-3BC6-4F05-BC61-D782745D803C}.Ad-Hoc|iPhoneSimulator.Build.0 = Debug|Any CPU
		{D331F197-3BC6-4F05-BC61-D782745D803C}.AppStore|Any CPU.ActiveCfg = Debug|Any CPU
		{D331F197-3BC6-4F05-BC61-D782745D803C}.AppStore|Any CPU.Build.0 = Debug|Any CPU
		{D331F197-3BC6-4F05-BC61-D782745D803C}.AppStore|iPhone.ActiveCfg = Debug|Any CPU
		{D331F197-3BC6-4F05-BC61-D782745D803C}.AppStore|iPhone.Build.0 = Debug|Any CPU
		{D331F197-3BC6-4F05-BC61-D782745D803C}.AppStore|iPhoneSimulator.ActiveCfg = Debug|Any CPU
		{D331F197-3BC6-4F05-BC61-D782745D803C}.AppStore|iPhoneSimulator.Build.0 = Debug|Any CPU
		{D331F197-3BC6-4F05-BC61-D782745D803C}.Debug|Any CPU.ActiveCfg = Debug|Any CPU
		{D331F197-3BC6-4F05-BC61-D782745D803C}.Debug|Any CPU.Build.0 = Debug|Any CPU
		{D331F197-3BC6-4F05-BC61-D782745D803C}.Debug|iPhone.ActiveCfg = Debug|Any CPU
		{D331F197-3BC6-4F05-BC61-D782745D803C}.Debug|iPhone.Build.0 = Debug|Any CPU
		{D331F197-3BC6-4F05-BC61-D782745D803C}.Debug|iPhoneSimulator.ActiveCfg = Debug|Any CPU
		{D331F197-3BC6-4F05-BC61-D782745D803C}.Debug|iPhoneSimulator.Build.0 = Debug|Any CPU
		{D331F197-3BC6-4F05-BC61-D782745D803C}.Release|Any CPU.ActiveCfg = Release|Any CPU
		{D331F197-3BC6-4F05-BC61-D782745D803C}.Release|Any CPU.Build.0 = Release|Any CPU
		{D331F197-3BC6-4F05-BC61-D782745D803C}.Release|iPhone.ActiveCfg = Release|Any CPU
		{D331F197-3BC6-4F05-BC61-D782745D803C}.Release|iPhone.Build.0 = Release|Any CPU
		{D331F197-3BC6-4F05-BC61-D782745D803C}.Release|iPhoneSimulator.ActiveCfg = Release|Any CPU
		{D331F197-3BC6-4F05-BC61-D782745D803C}.Release|iPhoneSimulator.Build.0 = Release|Any CPU
		{00E0A46D-D9E7-4418-BFCA-72A10556BB36}.Ad-Hoc|Any CPU.ActiveCfg = Debug|Any CPU
		{00E0A46D-D9E7-4418-BFCA-72A10556BB36}.Ad-Hoc|Any CPU.Build.0 = Debug|Any CPU
		{00E0A46D-D9E7-4418-BFCA-72A10556BB36}.Ad-Hoc|iPhone.ActiveCfg = Debug|Any CPU
		{00E0A46D-D9E7-4418-BFCA-72A10556BB36}.Ad-Hoc|iPhone.Build.0 = Debug|Any CPU
		{00E0A46D-D9E7-4418-BFCA-72A10556BB36}.Ad-Hoc|iPhoneSimulator.ActiveCfg = Debug|Any CPU
		{00E0A46D-D9E7-4418-BFCA-72A10556BB36}.Ad-Hoc|iPhoneSimulator.Build.0 = Debug|Any CPU
		{00E0A46D-D9E7-4418-BFCA-72A10556BB36}.AppStore|Any CPU.ActiveCfg = Debug|Any CPU
		{00E0A46D-D9E7-4418-BFCA-72A10556BB36}.AppStore|Any CPU.Build.0 = Debug|Any CPU
		{00E0A46D-D9E7-4418-BFCA-72A10556BB36}.AppStore|iPhone.ActiveCfg = Debug|Any CPU
		{00E0A46D-D9E7-4418-BFCA-72A10556BB36}.AppStore|iPhone.Build.0 = Debug|Any CPU
		{00E0A46D-D9E7-4418-BFCA-72A10556BB36}.AppStore|iPhoneSimulator.ActiveCfg = Debug|Any CPU
		{00E0A46D-D9E7-4418-BFCA-72A10556BB36}.AppStore|iPhoneSimulator.Build.0 = Debug|Any CPU
		{00E0A46D-D9E7-4418-BFCA-72A10556BB36}.Debug|Any CPU.ActiveCfg = Debug|Any CPU
		{00E0A46D-D9E7-4418-BFCA-72A10556BB36}.Debug|Any CPU.Build.0 = Debug|Any CPU
		{00E0A46D-D9E7-4418-BFCA-72A10556BB36}.Debug|iPhone.ActiveCfg = Debug|Any CPU
		{00E0A46D-D9E7-4418-BFCA-72A10556BB36}.Debug|iPhone.Build.0 = Debug|Any CPU
		{00E0A46D-D9E7-4418-BFCA-72A10556BB36}.Debug|iPhoneSimulator.ActiveCfg = Debug|Any CPU
		{00E0A46D-D9E7-4418-BFCA-72A10556BB36}.Debug|iPhoneSimulator.Build.0 = Debug|Any CPU
		{00E0A46D-D9E7-4418-BFCA-72A10556BB36}.Release|Any CPU.ActiveCfg = Release|Any CPU
		{00E0A46D-D9E7-4418-BFCA-72A10556BB36}.Release|Any CPU.Build.0 = Release|Any CPU
		{00E0A46D-D9E7-4418-BFCA-72A10556BB36}.Release|iPhone.ActiveCfg = Release|Any CPU
		{00E0A46D-D9E7-4418-BFCA-72A10556BB36}.Release|iPhone.Build.0 = Release|Any CPU
		{00E0A46D-D9E7-4418-BFCA-72A10556BB36}.Release|iPhoneSimulator.ActiveCfg = Release|Any CPU
		{00E0A46D-D9E7-4418-BFCA-72A10556BB36}.Release|iPhoneSimulator.Build.0 = Release|Any CPU
		{85209B95-7FB0-4FBB-A1DE-F855082A970B}.Ad-Hoc|Any CPU.ActiveCfg = Release|Any CPU
		{85209B95-7FB0-4FBB-A1DE-F855082A970B}.Ad-Hoc|Any CPU.Build.0 = Release|Any CPU
		{85209B95-7FB0-4FBB-A1DE-F855082A970B}.Ad-Hoc|Any CPU.Deploy.0 = Release|Any CPU
		{85209B95-7FB0-4FBB-A1DE-F855082A970B}.Ad-Hoc|iPhone.ActiveCfg = Release|Any CPU
		{85209B95-7FB0-4FBB-A1DE-F855082A970B}.Ad-Hoc|iPhone.Build.0 = Release|Any CPU
		{85209B95-7FB0-4FBB-A1DE-F855082A970B}.Ad-Hoc|iPhone.Deploy.0 = Release|Any CPU
		{85209B95-7FB0-4FBB-A1DE-F855082A970B}.Ad-Hoc|iPhoneSimulator.ActiveCfg = Release|Any CPU
		{85209B95-7FB0-4FBB-A1DE-F855082A970B}.Ad-Hoc|iPhoneSimulator.Build.0 = Release|Any CPU
		{85209B95-7FB0-4FBB-A1DE-F855082A970B}.Ad-Hoc|iPhoneSimulator.Deploy.0 = Release|Any CPU
		{85209B95-7FB0-4FBB-A1DE-F855082A970B}.AppStore|Any CPU.ActiveCfg = Release|Any CPU
		{85209B95-7FB0-4FBB-A1DE-F855082A970B}.AppStore|Any CPU.Build.0 = Release|Any CPU
		{85209B95-7FB0-4FBB-A1DE-F855082A970B}.AppStore|Any CPU.Deploy.0 = Release|Any CPU
		{85209B95-7FB0-4FBB-A1DE-F855082A970B}.AppStore|iPhone.ActiveCfg = Release|Any CPU
		{85209B95-7FB0-4FBB-A1DE-F855082A970B}.AppStore|iPhone.Build.0 = Release|Any CPU
		{85209B95-7FB0-4FBB-A1DE-F855082A970B}.AppStore|iPhone.Deploy.0 = Release|Any CPU
		{85209B95-7FB0-4FBB-A1DE-F855082A970B}.AppStore|iPhoneSimulator.ActiveCfg = Release|Any CPU
		{85209B95-7FB0-4FBB-A1DE-F855082A970B}.AppStore|iPhoneSimulator.Build.0 = Release|Any CPU
		{85209B95-7FB0-4FBB-A1DE-F855082A970B}.AppStore|iPhoneSimulator.Deploy.0 = Release|Any CPU
		{85209B95-7FB0-4FBB-A1DE-F855082A970B}.Debug|Any CPU.ActiveCfg = Debug|Any CPU
		{85209B95-7FB0-4FBB-A1DE-F855082A970B}.Debug|Any CPU.Build.0 = Debug|Any CPU
		{85209B95-7FB0-4FBB-A1DE-F855082A970B}.Debug|Any CPU.Deploy.0 = Debug|Any CPU
		{85209B95-7FB0-4FBB-A1DE-F855082A970B}.Debug|iPhone.ActiveCfg = Debug|Any CPU
		{85209B95-7FB0-4FBB-A1DE-F855082A970B}.Debug|iPhone.Build.0 = Debug|Any CPU
		{85209B95-7FB0-4FBB-A1DE-F855082A970B}.Debug|iPhone.Deploy.0 = Debug|Any CPU
		{85209B95-7FB0-4FBB-A1DE-F855082A970B}.Debug|iPhoneSimulator.ActiveCfg = Debug|Any CPU
		{85209B95-7FB0-4FBB-A1DE-F855082A970B}.Debug|iPhoneSimulator.Build.0 = Debug|Any CPU
		{85209B95-7FB0-4FBB-A1DE-F855082A970B}.Debug|iPhoneSimulator.Deploy.0 = Debug|Any CPU
		{85209B95-7FB0-4FBB-A1DE-F855082A970B}.Release|Any CPU.ActiveCfg = Release|Any CPU
		{85209B95-7FB0-4FBB-A1DE-F855082A970B}.Release|Any CPU.Build.0 = Release|Any CPU
		{85209B95-7FB0-4FBB-A1DE-F855082A970B}.Release|Any CPU.Deploy.0 = Release|Any CPU
		{85209B95-7FB0-4FBB-A1DE-F855082A970B}.Release|iPhone.ActiveCfg = Release|Any CPU
		{85209B95-7FB0-4FBB-A1DE-F855082A970B}.Release|iPhone.Build.0 = Release|Any CPU
		{85209B95-7FB0-4FBB-A1DE-F855082A970B}.Release|iPhone.Deploy.0 = Release|Any CPU
		{85209B95-7FB0-4FBB-A1DE-F855082A970B}.Release|iPhoneSimulator.ActiveCfg = Release|Any CPU
		{85209B95-7FB0-4FBB-A1DE-F855082A970B}.Release|iPhoneSimulator.Build.0 = Release|Any CPU
		{85209B95-7FB0-4FBB-A1DE-F855082A970B}.Release|iPhoneSimulator.Deploy.0 = Release|Any CPU
		{D2783BEC-EA84-48AE-AB50-095810718998}.Ad-Hoc|Any CPU.ActiveCfg = Ad-Hoc|iPhone
		{D2783BEC-EA84-48AE-AB50-095810718998}.Ad-Hoc|iPhone.ActiveCfg = Ad-Hoc|iPhone
		{D2783BEC-EA84-48AE-AB50-095810718998}.Ad-Hoc|iPhone.Build.0 = Ad-Hoc|iPhone
		{D2783BEC-EA84-48AE-AB50-095810718998}.Ad-Hoc|iPhoneSimulator.ActiveCfg = Ad-Hoc|iPhoneSimulator
		{D2783BEC-EA84-48AE-AB50-095810718998}.Ad-Hoc|iPhoneSimulator.Build.0 = Ad-Hoc|iPhoneSimulator
		{D2783BEC-EA84-48AE-AB50-095810718998}.AppStore|Any CPU.ActiveCfg = AppStore|iPhone
		{D2783BEC-EA84-48AE-AB50-095810718998}.AppStore|iPhone.ActiveCfg = AppStore|iPhone
		{D2783BEC-EA84-48AE-AB50-095810718998}.AppStore|iPhone.Build.0 = AppStore|iPhone
		{D2783BEC-EA84-48AE-AB50-095810718998}.AppStore|iPhoneSimulator.ActiveCfg = AppStore|iPhoneSimulator
		{D2783BEC-EA84-48AE-AB50-095810718998}.AppStore|iPhoneSimulator.Build.0 = AppStore|iPhoneSimulator
		{D2783BEC-EA84-48AE-AB50-095810718998}.Debug|Any CPU.ActiveCfg = Debug|iPhone
		{D2783BEC-EA84-48AE-AB50-095810718998}.Debug|iPhone.ActiveCfg = Debug|iPhone
		{D2783BEC-EA84-48AE-AB50-095810718998}.Debug|iPhone.Build.0 = Debug|iPhone
		{D2783BEC-EA84-48AE-AB50-095810718998}.Debug|iPhoneSimulator.ActiveCfg = Debug|iPhoneSimulator
		{D2783BEC-EA84-48AE-AB50-095810718998}.Debug|iPhoneSimulator.Build.0 = Debug|iPhoneSimulator
		{D2783BEC-EA84-48AE-AB50-095810718998}.Release|Any CPU.ActiveCfg = Release|iPhone
		{D2783BEC-EA84-48AE-AB50-095810718998}.Release|iPhone.ActiveCfg = Release|iPhone
		{D2783BEC-EA84-48AE-AB50-095810718998}.Release|iPhone.Build.0 = Release|iPhone
		{D2783BEC-EA84-48AE-AB50-095810718998}.Release|iPhoneSimulator.ActiveCfg = Release|iPhoneSimulator
		{D2783BEC-EA84-48AE-AB50-095810718998}.Release|iPhoneSimulator.Build.0 = Release|iPhoneSimulator
		{21989DF9-04DE-4B26-AFFF-0ED21A7BADA5}.Ad-Hoc|Any CPU.ActiveCfg = Release|Any CPU
		{21989DF9-04DE-4B26-AFFF-0ED21A7BADA5}.Ad-Hoc|Any CPU.Build.0 = Release|Any CPU
		{21989DF9-04DE-4B26-AFFF-0ED21A7BADA5}.Ad-Hoc|Any CPU.Deploy.0 = Release|Any CPU
		{21989DF9-04DE-4B26-AFFF-0ED21A7BADA5}.Ad-Hoc|iPhone.ActiveCfg = Release|Any CPU
		{21989DF9-04DE-4B26-AFFF-0ED21A7BADA5}.Ad-Hoc|iPhone.Build.0 = Release|Any CPU
		{21989DF9-04DE-4B26-AFFF-0ED21A7BADA5}.Ad-Hoc|iPhone.Deploy.0 = Release|Any CPU
		{21989DF9-04DE-4B26-AFFF-0ED21A7BADA5}.Ad-Hoc|iPhoneSimulator.ActiveCfg = Release|Any CPU
		{21989DF9-04DE-4B26-AFFF-0ED21A7BADA5}.Ad-Hoc|iPhoneSimulator.Build.0 = Release|Any CPU
		{21989DF9-04DE-4B26-AFFF-0ED21A7BADA5}.Ad-Hoc|iPhoneSimulator.Deploy.0 = Release|Any CPU
		{21989DF9-04DE-4B26-AFFF-0ED21A7BADA5}.AppStore|Any CPU.ActiveCfg = Release|Any CPU
		{21989DF9-04DE-4B26-AFFF-0ED21A7BADA5}.AppStore|Any CPU.Build.0 = Release|Any CPU
		{21989DF9-04DE-4B26-AFFF-0ED21A7BADA5}.AppStore|Any CPU.Deploy.0 = Release|Any CPU
		{21989DF9-04DE-4B26-AFFF-0ED21A7BADA5}.AppStore|iPhone.ActiveCfg = Release|Any CPU
		{21989DF9-04DE-4B26-AFFF-0ED21A7BADA5}.AppStore|iPhone.Build.0 = Release|Any CPU
		{21989DF9-04DE-4B26-AFFF-0ED21A7BADA5}.AppStore|iPhone.Deploy.0 = Release|Any CPU
		{21989DF9-04DE-4B26-AFFF-0ED21A7BADA5}.AppStore|iPhoneSimulator.ActiveCfg = Release|Any CPU
		{21989DF9-04DE-4B26-AFFF-0ED21A7BADA5}.AppStore|iPhoneSimulator.Build.0 = Release|Any CPU
		{21989DF9-04DE-4B26-AFFF-0ED21A7BADA5}.AppStore|iPhoneSimulator.Deploy.0 = Release|Any CPU
		{21989DF9-04DE-4B26-AFFF-0ED21A7BADA5}.Debug|Any CPU.ActiveCfg = Debug|Any CPU
		{21989DF9-04DE-4B26-AFFF-0ED21A7BADA5}.Debug|Any CPU.Build.0 = Debug|Any CPU
		{21989DF9-04DE-4B26-AFFF-0ED21A7BADA5}.Debug|Any CPU.Deploy.0 = Debug|Any CPU
		{21989DF9-04DE-4B26-AFFF-0ED21A7BADA5}.Debug|iPhone.ActiveCfg = Debug|Any CPU
		{21989DF9-04DE-4B26-AFFF-0ED21A7BADA5}.Debug|iPhone.Build.0 = Debug|Any CPU
		{21989DF9-04DE-4B26-AFFF-0ED21A7BADA5}.Debug|iPhone.Deploy.0 = Debug|Any CPU
		{21989DF9-04DE-4B26-AFFF-0ED21A7BADA5}.Debug|iPhoneSimulator.ActiveCfg = Debug|Any CPU
		{21989DF9-04DE-4B26-AFFF-0ED21A7BADA5}.Debug|iPhoneSimulator.Build.0 = Debug|Any CPU
		{21989DF9-04DE-4B26-AFFF-0ED21A7BADA5}.Debug|iPhoneSimulator.Deploy.0 = Debug|Any CPU
		{21989DF9-04DE-4B26-AFFF-0ED21A7BADA5}.Release|Any CPU.ActiveCfg = Release|Any CPU
		{21989DF9-04DE-4B26-AFFF-0ED21A7BADA5}.Release|Any CPU.Build.0 = Release|Any CPU
		{21989DF9-04DE-4B26-AFFF-0ED21A7BADA5}.Release|Any CPU.Deploy.0 = Release|Any CPU
		{21989DF9-04DE-4B26-AFFF-0ED21A7BADA5}.Release|iPhone.ActiveCfg = Release|Any CPU
		{21989DF9-04DE-4B26-AFFF-0ED21A7BADA5}.Release|iPhone.Build.0 = Release|Any CPU
		{21989DF9-04DE-4B26-AFFF-0ED21A7BADA5}.Release|iPhone.Deploy.0 = Release|Any CPU
		{21989DF9-04DE-4B26-AFFF-0ED21A7BADA5}.Release|iPhoneSimulator.ActiveCfg = Release|Any CPU
		{21989DF9-04DE-4B26-AFFF-0ED21A7BADA5}.Release|iPhoneSimulator.Build.0 = Release|Any CPU
		{21989DF9-04DE-4B26-AFFF-0ED21A7BADA5}.Release|iPhoneSimulator.Deploy.0 = Release|Any CPU
		{E58AA452-31EF-4D4E-BA41-1580CAA13466}.Ad-Hoc|Any CPU.ActiveCfg = Release|iPhone
		{E58AA452-31EF-4D4E-BA41-1580CAA13466}.Ad-Hoc|Any CPU.Build.0 = Release|iPhone
		{E58AA452-31EF-4D4E-BA41-1580CAA13466}.Ad-Hoc|iPhone.ActiveCfg = Release|iPhone
		{E58AA452-31EF-4D4E-BA41-1580CAA13466}.Ad-Hoc|iPhone.Build.0 = Release|iPhone
		{E58AA452-31EF-4D4E-BA41-1580CAA13466}.Ad-Hoc|iPhoneSimulator.ActiveCfg = Release|iPhoneSimulator
		{E58AA452-31EF-4D4E-BA41-1580CAA13466}.Ad-Hoc|iPhoneSimulator.Build.0 = Release|iPhoneSimulator
		{E58AA452-31EF-4D4E-BA41-1580CAA13466}.AppStore|Any CPU.ActiveCfg = Release|iPhone
		{E58AA452-31EF-4D4E-BA41-1580CAA13466}.AppStore|Any CPU.Build.0 = Release|iPhone
		{E58AA452-31EF-4D4E-BA41-1580CAA13466}.AppStore|iPhone.ActiveCfg = Release|iPhone
		{E58AA452-31EF-4D4E-BA41-1580CAA13466}.AppStore|iPhone.Build.0 = Release|iPhone
		{E58AA452-31EF-4D4E-BA41-1580CAA13466}.AppStore|iPhoneSimulator.ActiveCfg = Release|iPhoneSimulator
		{E58AA452-31EF-4D4E-BA41-1580CAA13466}.AppStore|iPhoneSimulator.Build.0 = Release|iPhoneSimulator
		{E58AA452-31EF-4D4E-BA41-1580CAA13466}.Debug|Any CPU.ActiveCfg = Debug|iPhone
		{E58AA452-31EF-4D4E-BA41-1580CAA13466}.Debug|iPhone.ActiveCfg = Debug|iPhone
		{E58AA452-31EF-4D4E-BA41-1580CAA13466}.Debug|iPhone.Build.0 = Debug|iPhone
		{E58AA452-31EF-4D4E-BA41-1580CAA13466}.Debug|iPhoneSimulator.ActiveCfg = Debug|iPhoneSimulator
		{E58AA452-31EF-4D4E-BA41-1580CAA13466}.Debug|iPhoneSimulator.Build.0 = Debug|iPhoneSimulator
		{E58AA452-31EF-4D4E-BA41-1580CAA13466}.Release|Any CPU.ActiveCfg = Release|iPhone
		{E58AA452-31EF-4D4E-BA41-1580CAA13466}.Release|iPhone.ActiveCfg = Release|iPhone
		{E58AA452-31EF-4D4E-BA41-1580CAA13466}.Release|iPhone.Build.0 = Release|iPhone
		{E58AA452-31EF-4D4E-BA41-1580CAA13466}.Release|iPhoneSimulator.ActiveCfg = Release|iPhoneSimulator
		{E58AA452-31EF-4D4E-BA41-1580CAA13466}.Release|iPhoneSimulator.Build.0 = Release|iPhoneSimulator
	EndGlobalSection
	GlobalSection(SolutionProperties) = preSolution
		HideSolutionNode = FALSE
	EndGlobalSection
	GlobalSection(ExtensibilityGlobals) = postSolution
		SolutionGuid = {C35E4AEC-66A0-4678-8290-8E570D2A2CCB}
	EndGlobalSection
EndGlobal
